
Microsoft Visual Studio Solution File, Format Version 12.00
# Visual Studio 15
VisualStudioVersion = 15.0.27428.2015
MinimumVisualStudioVersion = 10.0.40219.1
Project("{FAE04EC0-301F-11D3-BF4B-00C04F79EFBC}") = "laba1", "ConsoleApp3\laba1.csproj", "{A391206E-6D7F-43A8-B996-13050D879FD6}"
EndProject
Global
	GlobalSection(SolutionConfigurationPlatforms) = preSolution
		Debug|Any CPU = Debug|Any CPU
		Release|Any CPU = Release|Any CPU
	EndGlobalSection
	GlobalSection(ProjectConfigurationPlatforms) = postSolution
		{A391206E-6D7F-43A8-B996-13050D879FD6}.Debug|Any CPU.ActiveCfg = Debug|Any CPU
		{A391206E-6D7F-43A8-B996-13050D879FD6}.Debug|Any CPU.Build.0 = Debug|Any CPU
		{A391206E-6D7F-43A8-B996-13050D879FD6}.Release|Any CPU.ActiveCfg = Release|Any CPU
		{A391206E-6D7F-43A8-B996-13050D879FD6}.Release|Any CPU.Build.0 = Release|Any CPU
	EndGlobalSection
	GlobalSection(SolutionProperties) = preSolution
		HideSolutionNode = FALSE
	EndGlobalSection
	GlobalSection(ExtensibilityGlobals) = postSolution
		SolutionGuid = {51F42953-A42D-4961-8B1E-34A790F7733D}
	EndGlobalSection
EndGlobal
