
Microsoft Visual Studio Solution File, Format Version 12.00
# Visual Studio 15
VisualStudioVersion = 15.0.27004.2005
MinimumVisualStudioVersion = 10.0.40219.1
Project("{FAE04EC0-301F-11D3-BF4B-00C04F79EFBC}") = "Lab", "Lab\Lab.csproj", "{72F723EE-2FF9-4B75-A8EE-1ABF07C86D0D}"
EndProject
Global
	GlobalSection(SolutionConfigurationPlatforms) = preSolution
		Debug|Any CPU = Debug|Any CPU
		Release|Any CPU = Release|Any CPU
	EndGlobalSection
	GlobalSection(ProjectConfigurationPlatforms) = postSolution
		{72F723EE-2FF9-4B75-A8EE-1ABF07C86D0D}.Debug|Any CPU.ActiveCfg = Debug|Any CPU
		{72F723EE-2FF9-4B75-A8EE-1ABF07C86D0D}.Debug|Any CPU.Build.0 = Debug|Any CPU
		{72F723EE-2FF9-4B75-A8EE-1ABF07C86D0D}.Release|Any CPU.ActiveCfg = Release|Any CPU
		{72F723EE-2FF9-4B75-A8EE-1ABF07C86D0D}.Release|Any CPU.Build.0 = Release|Any CPU
	EndGlobalSection
	GlobalSection(SolutionProperties) = preSolution
		HideSolutionNode = FALSE
	EndGlobalSection
	GlobalSection(ExtensibilityGlobals) = postSolution
		SolutionGuid = {8CD1781F-B043-4C37-BFEE-0B581713D6D3}
	EndGlobalSection
EndGlobal
